
Microsoft Visual Studio Solution File, Format Version 12.00
# Visual Studio 14
VisualStudioVersion = 14.0.24720.0
MinimumVisualStudioVersion = 10.0.40219.1
Project("{FAE04EC0-301F-11D3-BF4B-00C04F79EFBC}") = "SwaggerDocsRazorViews", "SwaggerDocsRazorViews\SwaggerDocsRazorViews.csproj", "{4AC75608-274B-40A0-9E89-8B71D4BFF437}"
EndProject
Project("{FAE04EC0-301F-11D3-BF4B-00C04F79EFBC}") = "DomainServices", "DomainServices\DomainServices.csproj", "{F2903AC7-9B1B-435F-9B43-B648B34792CC}"
EndProject
Global
	GlobalSection(SolutionConfigurationPlatforms) = preSolution
		Debug|Any CPU = Debug|Any CPU
		Release|Any CPU = Release|Any CPU
	EndGlobalSection
	GlobalSection(ProjectConfigurationPlatforms) = postSolution
		{4AC75608-274B-40A0-9E89-8B71D4BFF437}.Debug|Any CPU.ActiveCfg = Debug|Any CPU
		{4AC75608-274B-40A0-9E89-8B71D4BFF437}.Debug|Any CPU.Build.0 = Debug|Any CPU
		{4AC75608-274B-40A0-9E89-8B71D4BFF437}.Release|Any CPU.ActiveCfg = Release|Any CPU
		{4AC75608-274B-40A0-9E89-8B71D4BFF437}.Release|Any CPU.Build.0 = Release|Any CPU
		{F2903AC7-9B1B-435F-9B43-B648B34792CC}.Debug|Any CPU.ActiveCfg = Debug|Any CPU
		{F2903AC7-9B1B-435F-9B43-B648B34792CC}.Debug|Any CPU.Build.0 = Debug|Any CPU
		{F2903AC7-9B1B-435F-9B43-B648B34792CC}.Release|Any CPU.ActiveCfg = Release|Any CPU
		{F2903AC7-9B1B-435F-9B43-B648B34792CC}.Release|Any CPU.Build.0 = Release|Any CPU
	EndGlobalSection
	GlobalSection(SolutionProperties) = preSolution
		HideSolutionNode = FALSE
	EndGlobalSection
EndGlobal
